[
  {
    "source": "bilprg1/slides.md",
    "series": [
      {
        "directive": "... github.com/roktas/education/doc _/programlama\n",
        "insertion": {
          "before": 228,
          "after": 81,
          "signature": "- Ör. Ruby, Python, Javascript yorumlanarak çalıştırılması öngörülen diller\n",
          "digest": "daaa13b6c67ecdefcdef92e79a05a8e1a9481b5f8b3c7664cd25b4cfbb77a24a"
        }
      },
      {
        "directive": "... github.com/roktas/education/doc ruby/giriş\n",
        "insertion": {
          "before": 462,
          "after": 92,
          "signature": "- IRB'de sorunu görmeyebilirsiniz (görmek için `RUBYOPT=\"--enable-frozen-string-literal\" irb`)\n",
          "digest": "6ea26fd200303d3e54b95ef5959ec40415ee800f41d56870d0c0565aabab9bc8"
        }
      }
    ]
  }
]
