[
  {
    "source": "bilprg1/slides.md",
    "series": [
      {
        "directive": "... github.com/roktas/education/doc ruby/giriş\n",
        "insertion": {
          "before": 7,
          "after": 15,
          "signature": "     2\tputs 'Merhaba, Dünya!'\n",
          "digest": "277347a2bc417581728c144cd6cf0116925f4106c8b70be16d7708ba8384f33d"
        }
      }
    ]
  }
]
